
Microsoft Visual Studio Solution File, Format Version 12.00
# Visual Studio Version 17
VisualStudioVersion = 17.0.31919.166
MinimumVisualStudioVersion = 10.0.40219.1
Project("{9A19103F-16F7-4668-BE54-9A1E7A4F7556}") = "TeamAPI", "TeamAPI\TeamAPI.csproj", "{53F5A7A3-1E0E-4532-A711-2084CF7EAAF7}"
EndProject
Project("{FAE04EC0-301F-11D3-BF4B-00C04F79EFBC}") = "PerformanceTest", "PerformanceTest\PerformanceTest.csproj", "{16ED7354-3F30-4A80-807E-525DA39E2CBD}"
EndProject
Global
	GlobalSection(SolutionConfigurationPlatforms) = preSolution
		Debug|Any CPU = Debug|Any CPU
		Release|Any CPU = Release|Any CPU
	EndGlobalSection
	GlobalSection(ProjectConfigurationPlatforms) = postSolution
		{53F5A7A3-1E0E-4532-A711-2084CF7EAAF7}.Debug|Any CPU.ActiveCfg = Debug|Any CPU
		{53F5A7A3-1E0E-4532-A711-2084CF7EAAF7}.Debug|Any CPU.Build.0 = Debug|Any CPU
		{53F5A7A3-1E0E-4532-A711-2084CF7EAAF7}.Release|Any CPU.ActiveCfg = Release|Any CPU
		{53F5A7A3-1E0E-4532-A711-2084CF7EAAF7}.Release|Any CPU.Build.0 = Release|Any CPU
		{16ED7354-3F30-4A80-807E-525DA39E2CBD}.Debug|Any CPU.ActiveCfg = Debug|Any CPU
		{16ED7354-3F30-4A80-807E-525DA39E2CBD}.Debug|Any CPU.Build.0 = Debug|Any CPU
		{16ED7354-3F30-4A80-807E-525DA39E2CBD}.Release|Any CPU.ActiveCfg = Release|Any CPU
		{16ED7354-3F30-4A80-807E-525DA39E2CBD}.Release|Any CPU.Build.0 = Release|Any CPU
	EndGlobalSection
	GlobalSection(SolutionProperties) = preSolution
		HideSolutionNode = FALSE
	EndGlobalSection
	GlobalSection(ExtensibilityGlobals) = postSolution
		SolutionGuid = {E1DE4F90-D8AF-430E-B39E-A500798392A4}
	EndGlobalSection
EndGlobal
